
Microsoft Visual Studio Solution File, Format Version 12.00
# Visual Studio Version 16
VisualStudioVersion = 16.0.31605.320
MinimumVisualStudioVersion = 10.0.40219.1
Project("{9A19103F-16F7-4668-BE54-9A1E7A4F7556}") = "ex1", "ex1\ex1.csproj", "{F7ACB4E3-8EC6-425E-BFE9-86238096F117}"
EndProject
Project("{9A19103F-16F7-4668-BE54-9A1E7A4F7556}") = "ex2", "ex2\ex2.csproj", "{F64E832F-88EB-486B-AF1B-14DC67F59495}"
EndProject
Project("{9A19103F-16F7-4668-BE54-9A1E7A4F7556}") = "ex3", "ex3\ex3.csproj", "{78C15D60-E668-4C26-9E7B-FA5544902851}"
EndProject
Project("{9A19103F-16F7-4668-BE54-9A1E7A4F7556}") = "ex4", "ex4\ex4.csproj", "{D0DFEB52-F90E-415B-BFCC-AA17918016DE}"
EndProject
Project("{9A19103F-16F7-4668-BE54-9A1E7A4F7556}") = "ex5", "ex5\ex5.csproj", "{4F171AB5-ED22-4420-A429-29B32DD3F4BD}"
EndProject
Project("{9A19103F-16F7-4668-BE54-9A1E7A4F7556}") = "ex6", "ex6\ex6.csproj", "{116E31CC-5E9C-4F1E-9D34-4C27CB7D7580}"
EndProject
Project("{FAE04EC0-301F-11D3-BF4B-00C04F79EFBC}") = "ex7", "ex7\ex7.csproj", "{BF9621E1-7B53-4E38-8F41-E7B123979AEE}"
EndProject
Project("{FAE04EC0-301F-11D3-BF4B-00C04F79EFBC}") = "ex8", "ex8\ex8.csproj", "{60DAD005-9E21-4EC1-BB84-E8ADF2ECE6E1}"
EndProject
Global
	GlobalSection(SolutionConfigurationPlatforms) = preSolution
		Debug|Any CPU = Debug|Any CPU
		Release|Any CPU = Release|Any CPU
	EndGlobalSection
	GlobalSection(ProjectConfigurationPlatforms) = postSolution
		{F7ACB4E3-8EC6-425E-BFE9-86238096F117}.Debug|Any CPU.ActiveCfg = Debug|Any CPU
		{F7ACB4E3-8EC6-425E-BFE9-86238096F117}.Debug|Any CPU.Build.0 = Debug|Any CPU
		{F7ACB4E3-8EC6-425E-BFE9-86238096F117}.Release|Any CPU.ActiveCfg = Release|Any CPU
		{F7ACB4E3-8EC6-425E-BFE9-86238096F117}.Release|Any CPU.Build.0 = Release|Any CPU
		{F64E832F-88EB-486B-AF1B-14DC67F59495}.Debug|Any CPU.ActiveCfg = Debug|Any CPU
		{F64E832F-88EB-486B-AF1B-14DC67F59495}.Debug|Any CPU.Build.0 = Debug|Any CPU
		{F64E832F-88EB-486B-AF1B-14DC67F59495}.Release|Any CPU.ActiveCfg = Release|Any CPU
		{F64E832F-88EB-486B-AF1B-14DC67F59495}.Release|Any CPU.Build.0 = Release|Any CPU
		{78C15D60-E668-4C26-9E7B-FA5544902851}.Debug|Any CPU.ActiveCfg = Debug|Any CPU
		{78C15D60-E668-4C26-9E7B-FA5544902851}.Debug|Any CPU.Build.0 = Debug|Any CPU
		{78C15D60-E668-4C26-9E7B-FA5544902851}.Release|Any CPU.ActiveCfg = Release|Any CPU
		{78C15D60-E668-4C26-9E7B-FA5544902851}.Release|Any CPU.Build.0 = Release|Any CPU
		{D0DFEB52-F90E-415B-BFCC-AA17918016DE}.Debug|Any CPU.ActiveCfg = Debug|Any CPU
		{D0DFEB52-F90E-415B-BFCC-AA17918016DE}.Debug|Any CPU.Build.0 = Debug|Any CPU
		{D0DFEB52-F90E-415B-BFCC-AA17918016DE}.Release|Any CPU.ActiveCfg = Release|Any CPU
		{D0DFEB52-F90E-415B-BFCC-AA17918016DE}.Release|Any CPU.Build.0 = Release|Any CPU
		{4F171AB5-ED22-4420-A429-29B32DD3F4BD}.Debug|Any CPU.ActiveCfg = Debug|Any CPU
		{4F171AB5-ED22-4420-A429-29B32DD3F4BD}.Debug|Any CPU.Build.0 = Debug|Any CPU
		{4F171AB5-ED22-4420-A429-29B32DD3F4BD}.Release|Any CPU.ActiveCfg = Release|Any CPU
		{4F171AB5-ED22-4420-A429-29B32DD3F4BD}.Release|Any CPU.Build.0 = Release|Any CPU
		{116E31CC-5E9C-4F1E-9D34-4C27CB7D7580}.Debug|Any CPU.ActiveCfg = Debug|Any CPU
		{116E31CC-5E9C-4F1E-9D34-4C27CB7D7580}.Debug|Any CPU.Build.0 = Debug|Any CPU
		{116E31CC-5E9C-4F1E-9D34-4C27CB7D7580}.Release|Any CPU.ActiveCfg = Release|Any CPU
		{116E31CC-5E9C-4F1E-9D34-4C27CB7D7580}.Release|Any CPU.Build.0 = Release|Any CPU
		{BF9621E1-7B53-4E38-8F41-E7B123979AEE}.Debug|Any CPU.ActiveCfg = Debug|Any CPU
		{BF9621E1-7B53-4E38-8F41-E7B123979AEE}.Debug|Any CPU.Build.0 = Debug|Any CPU
		{BF9621E1-7B53-4E38-8F41-E7B123979AEE}.Release|Any CPU.ActiveCfg = Release|Any CPU
		{BF9621E1-7B53-4E38-8F41-E7B123979AEE}.Release|Any CPU.Build.0 = Release|Any CPU
		{60DAD005-9E21-4EC1-BB84-E8ADF2ECE6E1}.Debug|Any CPU.ActiveCfg = Debug|Any CPU
		{60DAD005-9E21-4EC1-BB84-E8ADF2ECE6E1}.Debug|Any CPU.Build.0 = Debug|Any CPU
		{60DAD005-9E21-4EC1-BB84-E8ADF2ECE6E1}.Release|Any CPU.ActiveCfg = Release|Any CPU
		{60DAD005-9E21-4EC1-BB84-E8ADF2ECE6E1}.Release|Any CPU.Build.0 = Release|Any CPU
	EndGlobalSection
	GlobalSection(SolutionProperties) = preSolution
		HideSolutionNode = FALSE
	EndGlobalSection
	GlobalSection(ExtensibilityGlobals) = postSolution
		SolutionGuid = {115F1FDD-79D9-42D9-BDF3-C1BEE17EB9BA}
	EndGlobalSection
EndGlobal
